{
  "version": 4,
  "terraform_version": "0.12.6",
  "serial": 177,
  "lineage": "38eb07b1-c3c8-e3e9-808e-daa33cfacefb",
  "outputs": {
    "priv_key_file": {
      "value": "/Users/bquan/Projects/openhw-hyperbuild/adrenaline/ci/aws/~/.ssh/id_rsa",
      "type": "string"
    },
    "pub_ip": {
      "value": "52.89.187.243",
      "type": "string"
    },
    "pub_key_file": {
      "value": "/Users/bquan/Projects/openhw-hyperbuild/adrenaline/ci/aws/~/.ssh/id_rsa.pub",
      "type": "string"
    },
    "sudo_user": {
      "value": "ubuntu",
      "type": "string"
    }
  },
  "resources": [
    {
      "mode": "managed",
      "type": "aws_key_pair",
      "name": "adrenaline-pk",
      "provider": "provider.aws",
      "instances": [
        {
          "schema_version": 1,
          "attributes": {
            "fingerprint": "40:79:18:04:63:65:78:39:f4:34:fe:7e:25:e9:1b:0c",
            "id": "snaps-hb-kp-boq",
            "key_name": "snaps-hb-kp-boq",
            "key_name_prefix": null,
            "public_key": "ssh-rsa AAAAB3NzaC1yc2EAAAADAQABAAABAQC9K6sSEW1Wg5eO78aWaHIgP1ixMlbIccPpAsjWy7DlNcltMycTe/HhTI++wfOuZKyUQXxuEKTAaOuh++Kl83RLEvehT1a8LO8bAq/SPc3UIbO68AxBL3ZcQ9m2TeslGin/vVfqloMxF60it7+rUIzX9Cv9mVL9atQ07tP0f+IszKGQaILUSgwqxM9k7sPs4uw1CcGdvuYK3XFH2bJGsw9I31nTzZnIkzmknNZFnD2FLIJkK9bdVZa0m0jMRobcMWNREFcSBs2grJz6C4QsSA2wyJnW7JUM5lOej1LaHEitJlVUpQMxriu6AFzi7vSgFpI6DzckLKU+30TqWG3zdyWf boq@Bos-MacBook-Pro.cablelabs.com"
          },
          "private": "eyJzY2hlbWFfdmVyc2lvbiI6IjEifQ=="
        }
      ]
    },
    {
      "mode": "managed",
      "type": "aws_security_group",
      "name": "adrenaline",
      "provider": "provider.aws",
      "instances": [
        {
          "schema_version": 1,
          "attributes": {
            "arn": "arn:aws:ec2:us-west-2:929564710288:security-group/sg-04aa12ef070e2bb9f",
            "description": "Managed by Terraform",
            "egress": [
              {
                "cidr_blocks": [
                  "0.0.0.0/0"
                ],
                "description": "",
                "from_port": 0,
                "ipv6_cidr_blocks": [],
                "prefix_list_ids": [],
                "protocol": "-1",
                "security_groups": [],
                "self": false,
                "to_port": 0
              }
            ],
            "id": "sg-04aa12ef070e2bb9f",
            "ingress": [
              {
                "cidr_blocks": [
                  "0.0.0.0/0"
                ],
                "description": "",
                "from_port": 22,
                "ipv6_cidr_blocks": [],
                "prefix_list_ids": [],
                "protocol": "tcp",
                "security_groups": [],
                "self": false,
                "to_port": 22
              },
              {
                "cidr_blocks": [
                  "0.0.0.0/0"
                ],
                "description": "",
                "from_port": 3128,
                "ipv6_cidr_blocks": [],
                "prefix_list_ids": [],
                "protocol": "tcp",
                "security_groups": [],
                "self": false,
                "to_port": 3128
              },
              {
                "cidr_blocks": [
                  "0.0.0.0/0"
                ],
                "description": "",
                "from_port": 8080,
                "ipv6_cidr_blocks": [],
                "prefix_list_ids": [],
                "protocol": "tcp",
                "security_groups": [],
                "self": false,
                "to_port": 8080
              },
              {
                "cidr_blocks": [
                  "0.0.0.0/0"
                ],
                "description": "",
                "from_port": 8092,
                "ipv6_cidr_blocks": [],
                "prefix_list_ids": [],
                "protocol": "tcp",
                "security_groups": [],
                "self": false,
                "to_port": 8092
              }
            ],
            "name": "adrenaline-pub-boq",
            "name_prefix": null,
            "owner_id": "929564710288",
            "revoke_rules_on_delete": false,
            "tags": null,
            "timeouts": null,
            "vpc_id": "vpc-fd820f9b"
          },
          "private": "eyJlMmJmYjczMC1lY2FhLTExZTYtOGY4OC0zNDM2M2JjN2M0YzAiOnsiY3JlYXRlIjo2MDAwMDAwMDAwMDAsImRlbGV0ZSI6NjAwMDAwMDAwMDAwfSwic2NoZW1hX3ZlcnNpb24iOiIxIn0="
        }
      ]
    },
    {
      "mode": "managed",
      "type": "aws_spot_instance_request",
      "name": "adrenaline-host",
      "provider": "provider.aws",
      "instances": [
        {
          "schema_version": 0,
          "attributes": {
            "ami": "ami-05c869d7d9ea4ae51",
            "arn": null,
            "associate_public_ip_address": true,
            "availability_zone": "us-west-2b",
            "block_duration_minutes": 0,
            "cpu_core_count": null,
            "cpu_threads_per_core": null,
            "credit_specification": [],
            "disable_api_termination": null,
            "ebs_block_device": [],
            "ebs_optimized": null,
            "ephemeral_block_device": [],
            "get_password_data": false,
            "host_id": null,
            "iam_instance_profile": null,
            "id": "sir-ivvi9g9n",
            "instance_initiated_shutdown_behavior": null,
            "instance_interruption_behaviour": "terminate",
            "instance_state": null,
            "instance_type": "m5.metal",
            "ipv6_address_count": 0,
            "ipv6_addresses": [],
            "key_name": "snaps-hb-kp-boq",
            "launch_group": "",
            "monitoring": null,
            "network_interface": [],
            "network_interface_id": "eni-0c2bd1a666ab88e6c",
            "password_data": "",
            "placement_group": null,
            "primary_network_interface_id": null,
            "private_dns": "ip-172-31-40-21.us-west-2.compute.internal",
            "private_ip": "172.31.40.21",
            "public_dns": "ec2-52-89-187-243.us-west-2.compute.amazonaws.com",
            "public_ip": "52.89.187.243",
            "root_block_device": [
              {
                "delete_on_termination": true,
                "encrypted": false,
                "iops": 150,
                "kms_key_id": "",
                "volume_id": "vol-04924d630aefa6c3d",
                "volume_size": 50,
                "volume_type": "gp2"
              }
            ],
            "security_groups": [
              "adrenaline-pub-boq"
            ],
            "source_dest_check": true,
            "spot_bid_status": "fulfilled",
            "spot_instance_id": "i-03898c42e308e9c98",
            "spot_price": null,
            "spot_request_state": "active",
            "spot_type": "one-time",
            "subnet_id": "subnet-1ad42452",
            "tags": {
              "Name": "adrenaline-ci-build-boq"
            },
            "tenancy": null,
            "timeouts": null,
            "user_data": null,
            "user_data_base64": null,
            "valid_from": "0001-01-01T00:00:00Z",
            "valid_until": "2020-01-11T03:42:19Z",
            "volume_tags": null,
            "vpc_security_group_ids": [],
            "wait_for_fulfillment": true
          },
          "private": "eyJlMmJmYjczMC1lY2FhLTExZTYtOGY4OC0zNDM2M2JjN2M0YzAiOnsiY3JlYXRlIjo2MDAwMDAwMDAwMDAsImRlbGV0ZSI6MTIwMDAwMDAwMDAwMH19",
          "depends_on": [
            "aws_key_pair.adrenaline-pk",
            "aws_security_group.adrenaline"
          ]
        }
      ]
    },
    {
      "mode": "managed",
      "type": "null_resource",
      "name": "adrenaline-execute-hb",
      "provider": "provider.null",
      "instances": [
        {
          "schema_version": 0,
          "attributes": {
            "id": "1789007272894603928",
            "triggers": null
          },
          "private": "bnVsbA==",
          "depends_on": [
            "aws_spot_instance_request.adrenaline-host",
            "null_resource.adrenaline-wait-for-build-apt",
            "random_integer.adrenaline-ip-prfx"
          ]
        }
      ]
    },
    {
      "mode": "managed",
      "type": "null_resource",
      "name": "adrenaline-pk-setup",
      "provider": "provider.null",
      "instances": [
        {
          "schema_version": 0,
          "attributes": {
            "id": "4916733718958388012",
            "triggers": null
          },
          "private": "bnVsbA=="
        }
      ]
    },
    {
      "mode": "managed",
      "type": "null_resource",
      "name": "adrenaline-validate",
      "provider": "provider.null",
      "instances": [
        {
          "schema_version": 0,
          "attributes": {
            "id": "3169068800138419508",
            "triggers": null
          },
          "private": "bnVsbA==",
          "depends_on": [
            "aws_spot_instance_request.adrenaline-host",
            "null_resource.adrenaline-vmhost-build-key-mgmt-post-install",
            "random_integer.adrenaline-ip-prfx"
          ]
        }
      ]
    },
    {
      "mode": "managed",
      "type": "null_resource",
      "name": "adrenaline-vmhost-build-key-mgmt",
      "provider": "provider.null",
      "instances": [
        {
          "schema_version": 0,
          "attributes": {
            "id": "4777241535694728220",
            "triggers": null
          },
          "private": "bnVsbA==",
          "depends_on": [
            "aws_key_pair.adrenaline-pk",
            "aws_spot_instance_request.adrenaline-host",
            "null_resource.adrenaline-wait-for-build-ssh",
            "random_integer.adrenaline-ip-prfx"
          ]
        }
      ]
    },
    {
      "mode": "managed",
      "type": "null_resource",
      "name": "adrenaline-vmhost-build-key-mgmt-post-install",
      "provider": "provider.null",
      "instances": [
        {
          "schema_version": 0,
          "attributes": {
            "id": "2560862195938892111",
            "triggers": null
          },
          "private": "bnVsbA==",
          "depends_on": [
            "aws_key_pair.adrenaline-pk",
            "aws_spot_instance_request.adrenaline-host",
            "null_resource.adrenaline-execute-hb",
            "random_integer.adrenaline-ip-prfx"
          ]
        }
      ]
    },
    {
      "mode": "managed",
      "type": "null_resource",
      "name": "adrenaline-wait-for-build-apt",
      "provider": "provider.null",
      "instances": [
        {
          "schema_version": 0,
          "attributes": {
            "id": "3913580979213403614",
            "triggers": null
          },
          "private": "bnVsbA==",
          "depends_on": [
            "aws_spot_instance_request.adrenaline-host",
            "null_resource.adrenaline-vmhost-build-key-mgmt",
            "random_integer.adrenaline-ip-prfx"
          ]
        }
      ]
    },
    {
      "mode": "managed",
      "type": "null_resource",
      "name": "adrenaline-wait-for-build-ssh",
      "provider": "provider.null",
      "instances": [
        {
          "schema_version": 0,
          "attributes": {
            "id": "5248865174990522375",
            "triggers": null
          },
          "private": "bnVsbA==",
          "depends_on": [
            "aws_spot_instance_request.adrenaline-host",
            "null_resource.adrenaline-pk-setup"
          ]
        }
      ]
    },
    {
      "mode": "managed",
      "type": "random_integer",
      "name": "adrenaline-ip-prfx",
      "provider": "provider.random",
      "instances": [
        {
          "schema_version": 0,
          "attributes": {
            "id": "186",
            "keepers": null,
            "max": 254,
            "min": 101,
            "result": 186,
            "seed": null
          },
          "private": "bnVsbA=="
        }
      ]
    }
  ]
}
